
Microsoft Visual Studio Solution File, Format Version 12.00
# Visual Studio 15
VisualStudioVersion = 15.0.28307.572
MinimumVisualStudioVersion = 10.0.40219.1
Project("{8BC9CEB8-8B4A-11D0-8D11-00A0C91BC942}") = "RetrievingNetInformation", "ConsoleApplication1\ConsoleApplication1.vcxproj", "{998EC523-94DB-4BCF-9E44-0295F95D8760}"
EndProject
Project("{8BC9CEB8-8B4A-11D0-8D11-00A0C91BC942}") = "ManagingNetworkAdapters", "ManagingNetworkAdapters\ManagingNetworkAdapters.vcxproj", "{BDA84FD4-81AA-4AB6-A711-C6AF70DA98F3}"
EndProject
Global
	GlobalSection(SolutionConfigurationPlatforms) = preSolution
		Debug|x64 = Debug|x64
		Debug|x86 = Debug|x86
		Release|x64 = Release|x64
		Release|x86 = Release|x86
	EndGlobalSection
	GlobalSection(ProjectConfigurationPlatforms) = postSolution
		{998EC523-94DB-4BCF-9E44-0295F95D8760}.Debug|x64.ActiveCfg = Debug|x64
		{998EC523-94DB-4BCF-9E44-0295F95D8760}.Debug|x64.Build.0 = Debug|x64
		{998EC523-94DB-4BCF-9E44-0295F95D8760}.Debug|x86.ActiveCfg = Debug|Win32
		{998EC523-94DB-4BCF-9E44-0295F95D8760}.Debug|x86.Build.0 = Debug|Win32
		{998EC523-94DB-4BCF-9E44-0295F95D8760}.Release|x64.ActiveCfg = Release|x64
		{998EC523-94DB-4BCF-9E44-0295F95D8760}.Release|x64.Build.0 = Release|x64
		{998EC523-94DB-4BCF-9E44-0295F95D8760}.Release|x86.ActiveCfg = Release|Win32
		{998EC523-94DB-4BCF-9E44-0295F95D8760}.Release|x86.Build.0 = Release|Win32
		{BDA84FD4-81AA-4AB6-A711-C6AF70DA98F3}.Debug|x64.ActiveCfg = Debug|x64
		{BDA84FD4-81AA-4AB6-A711-C6AF70DA98F3}.Debug|x64.Build.0 = Debug|x64
		{BDA84FD4-81AA-4AB6-A711-C6AF70DA98F3}.Debug|x86.ActiveCfg = Debug|Win32
		{BDA84FD4-81AA-4AB6-A711-C6AF70DA98F3}.Debug|x86.Build.0 = Debug|Win32
		{BDA84FD4-81AA-4AB6-A711-C6AF70DA98F3}.Release|x64.ActiveCfg = Release|x64
		{BDA84FD4-81AA-4AB6-A711-C6AF70DA98F3}.Release|x64.Build.0 = Release|x64
		{BDA84FD4-81AA-4AB6-A711-C6AF70DA98F3}.Release|x86.ActiveCfg = Release|Win32
		{BDA84FD4-81AA-4AB6-A711-C6AF70DA98F3}.Release|x86.Build.0 = Release|Win32
	EndGlobalSection
	GlobalSection(SolutionProperties) = preSolution
		HideSolutionNode = FALSE
	EndGlobalSection
	GlobalSection(ExtensibilityGlobals) = postSolution
		SolutionGuid = {F506B3CA-9C7D-4056-AFB8-F0181A152399}
	EndGlobalSection
EndGlobal
